
Microsoft Visual Studio Solution File, Format Version 12.00
# Visual Studio Version 17
VisualStudioVersion = 17.5.002.0
MinimumVisualStudioVersion = 10.0.40219.1
Project("{9A19103F-16F7-4668-BE54-9A1E7A4F7556}") = "STARBANKR", "STARBANKR.csproj", "{A5340450-1DC4-4261-A875-A957DA9DF2E8}"
EndProject
Global
	GlobalSection(SolutionConfigurationPlatforms) = preSolution
		Debug|Any CPU = Debug|Any CPU
		Release|Any CPU = Release|Any CPU
	EndGlobalSection
	GlobalSection(ProjectConfigurationPlatforms) = postSolution
		{A5340450-1DC4-4261-A875-A957DA9DF2E8}.Debug|Any CPU.ActiveCfg = Debug|Any CPU
		{A5340450-1DC4-4261-A875-A957DA9DF2E8}.Debug|Any CPU.Build.0 = Debug|Any CPU
		{A5340450-1DC4-4261-A875-A957DA9DF2E8}.Release|Any CPU.ActiveCfg = Release|Any CPU
		{A5340450-1DC4-4261-A875-A957DA9DF2E8}.Release|Any CPU.Build.0 = Release|Any CPU
	EndGlobalSection
	GlobalSection(SolutionProperties) = preSolution
		HideSolutionNode = FALSE
	EndGlobalSection
	GlobalSection(ExtensibilityGlobals) = postSolution
		SolutionGuid = {B887A283-FBF8-49CB-A7AF-B6855222261B}
	EndGlobalSection
EndGlobal
